// !$*UTF8*$!
{
	archiveVersion = 1;
	classes = {
	};
	objectVersion = 46;
	objects = {

/* Begin PBXBuildFile section */
		C11EA9ED1CB1EC6F00E12EB9 /* AppDelegate.swift in Sources */ = {isa = PBXBuildFile; fileRef = C11EA9EC1CB1EC6F00E12EB9 /* AppDelegate.swift */; };
		C11EA9EF1CB1EC6F00E12EB9 /* ViewController.swift in Sources */ = {isa = PBXBuildFile; fileRef = C11EA9EE1CB1EC6F00E12EB9 /* ViewController.swift */; };
		C11EA9F21CB1EC6F00E12EB9 /* Main.storyboard in Resources */ = {isa = PBXBuildFile; fileRef = C11EA9F01CB1EC6F00E12EB9 /* Main.storyboard */; };
		C11EA9F51CB1EC6F00E12EB9 /* CNContacts_Example.xcdatamodeld in Sources */ = {isa = PBXBuildFile; fileRef = C11EA9F31CB1EC6F00E12EB9 /* CNContacts_Example.xcdatamodeld */; };
		C11EA9F71CB1EC6F00E12EB9 /* Assets.xcassets in Resources */ = {isa = PBXBuildFile; fileRef = C11EA9F61CB1EC6F00E12EB9 /* Assets.xcassets */; };
		C11EA9FA1CB1EC6F00E12EB9 /* LaunchScreen.storyboard in Resources */ = {isa = PBXBuildFile; fileRef = C11EA9F81CB1EC6F00E12EB9 /* LaunchScreen.storyboard */; };
		C11EAA051CB1EC6F00E12EB9 /* CNContacts_ExampleTests.swift in Sources */ = {isa = PBXBuildFile; fileRef = C11EAA041CB1EC6F00E12EB9 /* CNContacts_ExampleTests.swift */; };
		C11EAA101CB1EC6F00E12EB9 /* CNContacts_ExampleUITests.swift in Sources */ = {isa = PBXBuildFile; fileRef = C11EAA0F1CB1EC6F00E12EB9 /* CNContacts_ExampleUITests.swift */; };
/* End PBXBuildFile section */

/* Begin PBXContainerItemProxy section */
		C11EAA011CB1EC6F00E12EB9 /* PBXContainerItemProxy */ = {
			isa = PBXContainerItemProxy;
			containerPortal = C11EA9E11CB1EC6F00E12EB9 /* Project object */;
			proxyType = 1;
			remoteGlobalIDString = C11EA9E81CB1EC6F00E12EB9;
			remoteInfo = "CNContacts Example";
		};
		C11EAA0C1CB1EC6F00E12EB9 /* PBXContainerItemProxy */ = {
			isa = PBXContainerItemProxy;
			containerPortal = C11EA9E11CB1EC6F00E12EB9 /* Project object */;
			proxyType = 1;
			remoteGlobalIDString = C11EA9E81CB1EC6F00E12EB9;
			remoteInfo = "CNContacts Example";
		};
/* End PBXContainerItemProxy section */

/* Begin PBXFileReference section */
		C11EA9E91CB1EC6F00E12EB9 /* CNContacts Example.app */ = {isa = PBXFileReference; explicitFileType = wrapper.application; includeInIndex = 0; path = "CNContacts Example.app"; sourceTree = BUILT_PRODUCTS_DIR; };
		C11EA9EC1CB1EC6F00E12EB9 /* AppDelegate.swift */ = {isa = PBXFileReference; lastKnownFileType = sourcecode.swift; path = AppDelegate.swift; sourceTree = "<group>"; };
		C11EA9EE1CB1EC6F00E12EB9 /* ViewController.swift */ = {isa = PBXFileReference; lastKnownFileType = sourcecode.swift; path = ViewController.swift; sourceTree = "<group>"; };
		C11EA9F11CB1EC6F00E12EB9 /* Base */ = {isa = PBXFileReference; lastKnownFileType = file.storyboard; name = Base; path = Base.lproj/Main.storyboard; sourceTree = "<group>"; };
		C11EA9F41CB1EC6F00E12EB9 /* CNContacts_Example.xcdatamodel */ = {isa = PBXFileReference; lastKnownFileType = wrapper.xcdatamodel; path = CNContacts_Example.xcdatamodel; sourceTree = "<group>"; };
		C11EA9F61CB1EC6F00E12EB9 /* Assets.xcassets */ = {isa = PBXFileReference; lastKnownFileType = folder.assetcatalog; path = Assets.xcassets; sourceTree = "<group>"; };
		C11EA9F91CB1EC6F00E12EB9 /* Base */ = {isa = PBXFileReference; lastKnownFileType = file.storyboard; name = Base; path = Base.lproj/LaunchScreen.storyboard; sourceTree = "<group>"; };
		C11EA9FB1CB1EC6F00E12EB9 /* Info.plist */ = {isa = PBXFileReference; lastKnownFileType = text.plist.xml; path = Info.plist; sourceTree = "<group>"; };
		C11EAA001CB1EC6F00E12EB9 /* CNContacts ExampleTests.xctest */ = {isa = PBXFileReference; explicitFileType = wrapper.cfbundle; includeInIndex = 0; path = "CNContacts ExampleTests.xctest"; sourceTree = BUILT_PRODUCTS_DIR; };
		C11EAA041CB1EC6F00E12EB9 /* CNContacts_ExampleTests.swift */ = {isa = PBXFileReference; lastKnownFileType = sourcecode.swift; path = CNContacts_ExampleTests.swift; sourceTree = "<group>"; };
		C11EAA061CB1EC6F00E12EB9 /* Info.plist */ = {isa = PBXFileReference; lastKnownFileType = text.plist.xml; path = Info.plist; sourceTree = "<group>"; };
		C11EAA0B1CB1EC6F00E12EB9 /* CNContacts ExampleUITests.xctest */ = {isa = PBXFileReference; explicitFileType = wrapper.cfbundle; includeInIndex = 0; path = "CNContacts ExampleUITests.xctest"; sourceTree = BUILT_PRODUCTS_DIR; };
		C11EAA0F1CB1EC6F00E12EB9 /* CNContacts_ExampleUITests.swift */ = {isa = PBXFileReference; lastKnownFileType = sourcecode.swift; path = CNContacts_ExampleUITests.swift; sourceTree = "<group>"; };
		C11EAA111CB1EC6F00E12EB9 /* Info.plist */ = {isa = PBXFileReference; lastKnownFileType = text.plist.xml; path = Info.plist; sourceTree = "<group>"; };
/* End PBXFileReference section */

/* Begin PBXFrameworksBuildPhase section */
		C11EA9E61CB1EC6F00E12EB9 /* Frameworks */ = {
			isa = PBXFrameworksBuildPhase;
			buildActionMask = 2147483647;
			files = (
			);
			runOnlyForDeploymentPostprocessing = 0;
		};
		C11EA9FD1CB1EC6F00E12EB9 /* Frameworks */ = {
			isa = PBXFrameworksBuildPhase;
			buildActionMask = 2147483647;
			files = (
			);
			runOnlyForDeploymentPostprocessing = 0;
		};
		C11EAA081CB1EC6F00E12EB9 /* Frameworks */ = {
			isa = PBXFrameworksBuildPhase;
			buildActionMask = 2147483647;
			files = (
			);
			runOnlyForDeploymentPostprocessing = 0;
		};
/* End PBXFrameworksBuildPhase section */

/* Begin PBXGroup section */
		C11EA9E01CB1EC6F00E12EB9 = {
			isa = PBXGroup;
			children = (
				C11EA9EB1CB1EC6F00E12EB9 /* CNContacts Example */,
				C11EAA031CB1EC6F00E12EB9 /* CNContacts ExampleTests */,
				C11EAA0E1CB1EC6F00E12EB9 /* CNContacts ExampleUITests */,
				C11EA9EA1CB1EC6F00E12EB9 /* Products */,
			);
			sourceTree = "<group>";
		};
		C11EA9EA1CB1EC6F00E12EB9 /* Products */ = {
			isa = PBXGroup;
			children = (
				C11EA9E91CB1EC6F00E12EB9 /* CNContacts Example.app */,
				C11EAA001CB1EC6F00E12EB9 /* CNContacts ExampleTests.xctest */,
				C11EAA0B1CB1EC6F00E12EB9 /* CNContacts ExampleUITests.xctest */,
			);
			name = Products;
			sourceTree = "<group>";
		};
		C11EA9EB1CB1EC6F00E12EB9 /* CNContacts Example */ = {
			isa = PBXGroup;
			children = (
				C11EA9EC1CB1EC6F00E12EB9 /* AppDelegate.swift */,
				C11EA9EE1CB1EC6F00E12EB9 /* ViewController.swift */,
				C11EA9F01CB1EC6F00E12EB9 /* Main.storyboard */,
				C11EA9F61CB1EC6F00E12EB9 /* Assets.xcassets */,
				C11EA9F81CB1EC6F00E12EB9 /* LaunchScreen.storyboard */,
				C11EA9FB1CB1EC6F00E12EB9 /* Info.plist */,
				C11EA9F31CB1EC6F00E12EB9 /* CNContacts_Example.xcdatamodeld */,
			);
			path = "CNContacts Example";
			sourceTree = "<group>";
		};
		C11EAA031CB1EC6F00E12EB9 /* CNContacts ExampleTests */ = {
			isa = PBXGroup;
			children = (
				C11EAA041CB1EC6F00E12EB9 /* CNContacts_ExampleTests.swift */,
				C11EAA061CB1EC6F00E12EB9 /* Info.plist */,
			);
			path = "CNContacts ExampleTests";
			sourceTree = "<group>";
		};
		C11EAA0E1CB1EC6F00E12EB9 /* CNContacts ExampleUITests */ = {
			isa = PBXGroup;
			children = (
				C11EAA0F1CB1EC6F00E12EB9 /* CNContacts_ExampleUITests.swift */,
				C11EAA111CB1EC6F00E12EB9 /* Info.plist */,
			);
			path = "CNContacts ExampleUITests";
			sourceTree = "<group>";
		};
/* End PBXGroup section */

/* Begin PBXNativeTarget section */
		C11EA9E81CB1EC6F00E12EB9 /* CNContacts Example */ = {
			isa = PBXNativeTarget;
			buildConfigurationList = C11EAA141CB1EC6F00E12EB9 /* Build configuration list for PBXNativeTarget "CNContacts Example" */;
			buildPhases = (
				C11EA9E51CB1EC6F00E12EB9 /* Sources */,
				C11EA9E61CB1EC6F00E12EB9 /* Frameworks */,
				C11EA9E71CB1EC6F00E12EB9 /* Resources */,
			);
			buildRules = (
			);
			dependencies = (
			);
			name = "CNContacts Example";
			productName = "CNContacts Example";
			productReference = C11EA9E91CB1EC6F00E12EB9 /* CNContacts Example.app */;
			productType = "com.apple.product-type.application";
		};
		C11EA9FF1CB1EC6F00E12EB9 /* CNContacts ExampleTests */ = {
			isa = PBXNativeTarget;
			buildConfigurationList = C11EAA171CB1EC6F00E12EB9 /* Build configuration list for PBXNativeTarget "CNContacts ExampleTests" */;
			buildPhases = (
				C11EA9FC1CB1EC6F00E12EB9 /* Sources */,
				C11EA9FD1CB1EC6F00E12EB9 /* Frameworks */,
				C11EA9FE1CB1EC6F00E12EB9 /* Resources */,
			);
			buildRules = (
			);
			dependencies = (
				C11EAA021CB1EC6F00E12EB9 /* PBXTargetDependency */,
			);
			name = "CNContacts ExampleTests";
			productName = "CNContacts ExampleTests";
			productReference = C11EAA001CB1EC6F00E12EB9 /* CNContacts ExampleTests.xctest */;
			productType = "com.apple.product-type.bundle.unit-test";
		};
		C11EAA0A1CB1EC6F00E12EB9 /* CNContacts ExampleUITests */ = {
			isa = PBXNativeTarget;
			buildConfigurationList = C11EAA1A1CB1EC6F00E12EB9 /* Build configuration list for PBXNativeTarget "CNContacts ExampleUITests" */;
			buildPhases = (
				C11EAA071CB1EC6F00E12EB9 /* Sources */,
				C11EAA081CB1EC6F00E12EB9 /* Frameworks */,
				C11EAA091CB1EC6F00E12EB9 /* Resources */,
			);
			buildRules = (
			);
			dependencies = (
				C11EAA0D1CB1EC6F00E12EB9 /* PBXTargetDependency */,
			);
			name = "CNContacts ExampleUITests";
			productName = "CNContacts ExampleUITests";
			productReference = C11EAA0B1CB1EC6F00E12EB9 /* CNContacts ExampleUITests.xctest */;
			productType = "com.apple.product-type.bundle.ui-testing";
		};
/* End PBXNativeTarget section */

/* Begin PBXProject section */
		C11EA9E11CB1EC6F00E12EB9 /* Project object */ = {
			isa = PBXProject;
			attributes = {
				LastSwiftUpdateCheck = 0730;
				LastUpgradeCheck = 0730;
				ORGANIZATIONNAME = "Justin Doan";
				TargetAttributes = {
					C11EA9E81CB1EC6F00E12EB9 = {
						CreatedOnToolsVersion = 7.3;
					};
					C11EA9FF1CB1EC6F00E12EB9 = {
						CreatedOnToolsVersion = 7.3;
						TestTargetID = C11EA9E81CB1EC6F00E12EB9;
					};
					C11EAA0A1CB1EC6F00E12EB9 = {
						CreatedOnToolsVersion = 7.3;
						TestTargetID = C11EA9E81CB1EC6F00E12EB9;
					};
				};
			};
			buildConfigurationList = C11EA9E41CB1EC6F00E12EB9 /* Build configuration list for PBXProject "CNContacts Example" */;
			compatibilityVersion = "Xcode 3.2";
			developmentRegion = English;
			hasScannedForEncodings = 0;
			knownRegions = (
				en,
				Base,
			);
			mainGroup = C11EA9E01CB1EC6F00E12EB9;
			productRefGroup = C11EA9EA1CB1EC6F00E12EB9 /* Products */;
			projectDirPath = "";
			projectRoot = "";
			targets = (
				C11EA9E81CB1EC6F00E12EB9 /* CNContacts Example */,
				C11EA9FF1CB1EC6F00E12EB9 /* CNContacts ExampleTests */,
				C11EAA0A1CB1EC6F00E12EB9 /* CNContacts ExampleUITests */,
			);
		};
/* End PBXProject section */

/* Begin PBXResourcesBuildPhase section */
		C11EA9E71CB1EC6F00E12EB9 /* Resources */ = {
			isa = PBXResourcesBuildPhase;
			buildActionMask = 2147483647;
			files = (
				C11EA9FA1CB1EC6F00E12EB9 /* LaunchScreen.storyboard in Resources */,
				C11EA9F71CB1EC6F00E12EB9 /* Assets.xcassets in Resources */,
				C11EA9F21CB1EC6F00E12EB9 /* Main.storyboard in Resources */,
			);
			runOnlyForDeploymentPostprocessing = 0;
		};
		C11EA9FE1CB1EC6F00E12EB9 /* Resources */ = {
			isa = PBXResourcesBuildPhase;
			buildActionMask = 2147483647;
			files = (
			);
			runOnlyForDeploymentPostprocessing = 0;
		};
		C11EAA091CB1EC6F00E12EB9 /* Resources */ = {
			isa = PBXResourcesBuildPhase;
			buildActionMask = 2147483647;
			files = (
			);
			runOnlyForDeploymentPostprocessing = 0;
		};
/* End PBXResourcesBuildPhase section */

/* Begin PBXSourcesBuildPhase section */
		C11EA9E51CB1EC6F00E12EB9 /* Sources */ = {
			isa = PBXSourcesBuildPhase;
			buildActionMask = 2147483647;
			files = (
				C11EA9F51CB1EC6F00E12EB9 /* CNContacts_Example.xcdatamodeld in Sources */,
				C11EA9EF1CB1EC6F00E12EB9 /* ViewController.swift in Sources */,
				C11EA9ED1CB1EC6F00E12EB9 /* AppDelegate.swift in Sources */,
			);
			runOnlyForDeploymentPostprocessing = 0;
		};
		C11EA9FC1CB1EC6F00E12EB9 /* Sources */ = {
			isa = PBXSourcesBuildPhase;
			buildActionMask = 2147483647;
			files = (
				C11EAA051CB1EC6F00E12EB9 /* CNContacts_ExampleTests.swift in Sources */,
			);
			runOnlyForDeploymentPostprocessing = 0;
		};
		C11EAA071CB1EC6F00E12EB9 /* Sources */ = {
			isa = PBXSourcesBuildPhase;
			buildActionMask = 2147483647;
			files = (
				C11EAA101CB1EC6F00E12EB9 /* CNContacts_ExampleUITests.swift in Sources */,
			);
			runOnlyForDeploymentPostprocessing = 0;
		};
/* End PBXSourcesBuildPhase section */

/* Begin PBXTargetDependency section */
		C11EAA021CB1EC6F00E12EB9 /* PBXTargetDependency */ = {
			isa = PBXTargetDependency;
			target = C11EA9E81CB1EC6F00E12EB9 /* CNContacts Example */;
			targetProxy = C11EAA011CB1EC6F00E12EB9 /* PBXContainerItemProxy */;
		};
		C11EAA0D1CB1EC6F00E12EB9 /* PBXTargetDependency */ = {
			isa = PBXTargetDependency;
			target = C11EA9E81CB1EC6F00E12EB9 /* CNContacts Example */;
			targetProxy = C11EAA0C1CB1EC6F00E12EB9 /* PBXContainerItemProxy */;
		};
/* End PBXTargetDependency section */

/* Begin PBXVariantGroup section */
		C11EA9F01CB1EC6F00E12EB9 /* Main.storyboard */ = {
			isa = PBXVariantGroup;
			children = (
				C11EA9F11CB1EC6F00E12EB9 /* Base */,
			);
			name = Main.storyboard;
			sourceTree = "<group>";
		};
		C11EA9F81CB1EC6F00E12EB9 /* LaunchScreen.storyboard */ = {
			isa = PBXVariantGroup;
			children = (
				C11EA9F91CB1EC6F00E12EB9 /* Base */,
			);
			name = LaunchScreen.storyboard;
			sourceTree = "<group>";
		};
/* End PBXVariantGroup section */

/* Begin XCBuildConfiguration section */
		C11EAA121CB1EC6F00E12EB9 /* Debug */ = {
			isa = XCBuildConfiguration;
			buildSettings = {
				ALWAYS_SEARCH_USER_PATHS = NO;
				CLANG_ANALYZER_NONNULL = YES;
				CLANG_CXX_LANGUAGE_STANDARD = "gnu++0x";
				CLANG_CXX_LIBRARY = "libc++";
				CLANG_ENABLE_MODULES = YES;
				CLANG_ENABLE_OBJC_ARC = YES;
				CLANG_WARN_BOOL_CONVERSION = YES;
				CLANG_WARN_CONSTANT_CONVERSION = YES;
				CLANG_WARN_DIRECT_OBJC_ISA_USAGE = YES_ERROR;
				CLANG_WARN_EMPTY_BODY = YES;
				CLANG_WARN_ENUM_CONVERSION = YES;
				CLANG_WARN_INT_CONVERSION = YES;
				CLANG_WARN_OBJC_ROOT_CLASS = YES_ERROR;
				CLANG_WARN_UNREACHABLE_CODE = YES;
				CLANG_WARN__DUPLICATE_METHOD_MATCH = YES;
				"CODE_SIGN_IDENTITY[sdk=iphoneos*]" = "iPhone Developer";
				COPY_PHASE_STRIP = NO;
				DEBUG_INFORMATION_FORMAT = dwarf;
				ENABLE_STRICT_OBJC_MSGSEND = YES;
				ENABLE_TESTABILITY = YES;
				GCC_C_LANGUAGE_STANDARD = gnu99;
				GCC_DYNAMIC_NO_PIC = NO;
				GCC_NO_COMMON_BLOCKS = YES;
				GCC_OPTIMIZATION_LEVEL = 0;
				GCC_PREPROCESSOR_DEFINITIONS = (
					"DEBUG=1",
					"$(inherited)",
				);
				GCC_WARN_64_TO_32_BIT_CONVERSION = YES;
				GCC_WARN_ABOUT_RETURN_TYPE = YES_ERROR;
				GCC_WARN_UNDECLARED_SELECTOR = YES;
				GCC_WARN_UNINITIALIZED_AUTOS = YES_AGGRESSIVE;
				GCC_WARN_UNUSED_FUNCTION = YES;
				GCC_WARN_UNUSED_VARIABLE = YES;
				IPHONEOS_DEPLOYMENT_TARGET = 9.3;
				MTL_ENABLE_DEBUG_INFO = YES;
				ONLY_ACTIVE_ARCH = YES;
				SDKROOT = iphoneos;
				SWIFT_OPTIMIZATION_LEVEL = "-Onone";
				TARGETED_DEVICE_FAMILY = "1,2";
			};
			name = Debug;
		};
		C11EAA131CB1EC6F00E12EB9 /* Release */ = {
			isa = XCBuildConfiguration;
			buildSettings = {
				ALWAYS_SEARCH_USER_PATHS = NO;
				CLANG_ANALYZER_NONNULL = YES;
				CLANG_CXX_LANGUAGE_STANDARD = "gnu++0x";
				CLANG_CXX_LIBRARY = "libc++";
				CLANG_ENABLE_MODULES = YES;
				CLANG_ENABLE_OBJC_ARC = YES;
				CLANG_WARN_BOOL_CONVERSION = YES;
				CLANG_WARN_CONSTANT_CONVERSION = YES;
				CLANG_WARN_DIRECT_OBJC_ISA_USAGE = YES_ERROR;
				CLANG_WARN_EMPTY_BODY = YES;
				CLANG_WARN_ENUM_CONVERSION = YES;
				CLANG_WARN_INT_CONVERSION = YES;
				CLANG_WARN_OBJC_ROOT_CLASS = YES_ERROR;
				CLANG_WARN_UNREACHABLE_CODE = YES;
				CLANG_WARN__DUPLICATE_METHOD_MATCH = YES;
				"CODE_SIGN_IDENTITY[sdk=iphoneos*]" = "iPhone Developer";
				COPY_PHASE_STRIP = NO;
				DEBUG_INFORMATION_FORMAT = "dwarf-with-dsym";
				ENABLE_NS_ASSERTIONS = NO;
				ENABLE_STRICT_OBJC_MSGSEND = YES;
				GCC_C_LANGUAGE_STANDARD = gnu99;
				GCC_NO_COMMON_BLOCKS = YES;
				GCC_WARN_64_TO_32_BIT_CONVERSION = YES;
				GCC_WARN_ABOUT_RETURN_TYPE = YES_ERROR;
				GCC_WARN_UNDECLARED_SELECTOR = YES;
				GCC_WARN_UNINITIALIZED_AUTOS = YES_AGGRESSIVE;
				GCC_WARN_UNUSED_FUNCTION = YES;
				GCC_WARN_UNUSED_VARIABLE = YES;
				IPHONEOS_DEPLOYMENT_TARGET = 9.3;
				MTL_ENABLE_DEBUG_INFO = NO;
				SDKROOT = iphoneos;
				TARGETED_DEVICE_FAMILY = "1,2";
				VALIDATE_PRODUCT = YES;
			};
			name = Release;
		};
		C11EAA151CB1EC6F00E12EB9 /* Debug */ = {
			isa = XCBuildConfiguration;
			buildSettings = {
				ASSETCATALOG_COMPILER_APPICON_NAME = AppIcon;
				INFOPLIST_FILE = "CNContacts Example/Info.plist";
				LD_RUNPATH_SEARCH_PATHS = "$(inherited) @executable_path/Frameworks";
				PRODUCT_BUNDLE_IDENTIFIER = "com.justindoan.CNContacts-Example";
				PRODUCT_NAME = "$(TARGET_NAME)";
			};
			name = Debug;
		};
		C11EAA161CB1EC6F00E12EB9 /* Release */ = {
			isa = XCBuildConfiguration;
			buildSettings = {
				ASSETCATALOG_COMPILER_APPICON_NAME = AppIcon;
				INFOPLIST_FILE = "CNContacts Example/Info.plist";
				LD_RUNPATH_SEARCH_PATHS = "$(inherited) @executable_path/Frameworks";
				PRODUCT_BUNDLE_IDENTIFIER = "com.justindoan.CNContacts-Example";
				PRODUCT_NAME = "$(TARGET_NAME)";
			};
			name = Release;
		};
		C11EAA181CB1EC6F00E12EB9 /* Debug */ = {
			isa = XCBuildConfiguration;
			buildSettings = {
				BUNDLE_LOADER = "$(TEST_HOST)";
				INFOPLIST_FILE = "CNContacts ExampleTests/Info.plist";
				LD_RUNPATH_SEARCH_PATHS = "$(inherited) @executable_path/Frameworks @loader_path/Frameworks";
				PRODUCT_BUNDLE_IDENTIFIER = "com.justindoan.CNContacts-ExampleTests";
				PRODUCT_NAME = "$(TARGET_NAME)";
				TEST_HOST = "$(BUILT_PRODUCTS_DIR)/CNContacts Example.app/CNContacts Example";
			};
			name = Debug;
		};
		C11EAA191CB1EC6F00E12EB9 /* Release */ = {
			isa = XCBuildConfiguration;
			buildSettings = {
				BUNDLE_LOADER = "$(TEST_HOST)";
				INFOPLIST_FILE = "CNContacts ExampleTests/Info.plist";
				LD_RUNPATH_SEARCH_PATHS = "$(inherited) @executable_path/Frameworks @loader_path/Frameworks";
				PRODUCT_BUNDLE_IDENTIFIER = "com.justindoan.CNContacts-ExampleTests";
				PRODUCT_NAME = "$(TARGET_NAME)";
				TEST_HOST = "$(BUILT_PRODUCTS_DIR)/CNContacts Example.app/CNContacts Example";
			};
			name = Release;
		};
		C11EAA1B1CB1EC6F00E12EB9 /* Debug */ = {
			isa = XCBuildConfiguration;
			buildSettings = {
				INFOPLIST_FILE = "CNContacts ExampleUITests/Info.plist";
				LD_RUNPATH_SEARCH_PATHS = "$(inherited) @executable_path/Frameworks @loader_path/Frameworks";
				PRODUCT_BUNDLE_IDENTIFIER = "com.justindoan.CNContacts-ExampleUITests";
				PRODUCT_NAME = "$(TARGET_NAME)";
				TEST_TARGET_NAME = "CNContacts Example";
			};
			name = Debug;
		};
		C11EAA1C1CB1EC6F00E12EB9 /* Release */ = {
			isa = XCBuildConfiguration;
			buildSettings = {
				INFOPLIST_FILE = "CNContacts ExampleUITests/Info.plist";
				LD_RUNPATH_SEARCH_PATHS = "$(inherited) @executable_path/Frameworks @loader_path/Frameworks";
				PRODUCT_BUNDLE_IDENTIFIER = "com.justindoan.CNContacts-ExampleUITests";
				PRODUCT_NAME = "$(TARGET_NAME)";
				TEST_TARGET_NAME = "CNContacts Example";
			};
			name = Release;
		};
/* End XCBuildConfiguration section */

/* Begin XCConfigurationList section */
		C11EA9E41CB1EC6F00E12EB9 /* Build configuration list for PBXProject "CNContacts Example" */ = {
			isa = XCConfigurationList;
			buildConfigurations = (
				C11EAA121CB1EC6F00E12EB9 /* Debug */,
				C11EAA131CB1EC6F00E12EB9 /* Release */,
			);
			defaultConfigurationIsVisible = 0;
			defaultConfigurationName = Release;
		};
		C11EAA141CB1EC6F00E12EB9 /* Build configuration list for PBXNativeTarget "CNContacts Example" */ = {
			isa = XCConfigurationList;
			buildConfigurations = (
				C11EAA151CB1EC6F00E12EB9 /* Debug */,
				C11EAA161CB1EC6F00E12EB9 /* Release */,
			);
			defaultConfigurationIsVisible = 0;
		};
		C11EAA171CB1EC6F00E12EB9 /* Build configuration list for PBXNativeTarget "CNContacts ExampleTests" */ = {
			isa = XCConfigurationList;
			buildConfigurations = (
				C11EAA181CB1EC6F00E12EB9 /* Debug */,
				C11EAA191CB1EC6F00E12EB9 /* Release */,
			);
			defaultConfigurationIsVisible = 0;
		};
		C11EAA1A1CB1EC6F00E12EB9 /* Build configuration list for PBXNativeTarget "CNContacts ExampleUITests" */ = {
			isa = XCConfigurationList;
			buildConfigurations = (
				C11EAA1B1CB1EC6F00E12EB9 /* Debug */,
				C11EAA1C1CB1EC6F00E12EB9 /* Release */,
			);
			defaultConfigurationIsVisible = 0;
		};
/* End XCConfigurationList section */

/* Begin XCVersionGroup section */
		C11EA9F31CB1EC6F00E12EB9 /* CNContacts_Example.xcdatamodeld */ = {
			isa = XCVersionGroup;
			children = (
				C11EA9F41CB1EC6F00E12EB9 /* CNContacts_Example.xcdatamodel */,
			);
			currentVersion = C11EA9F41CB1EC6F00E12EB9 /* CNContacts_Example.xcdatamodel */;
			path = CNContacts_Example.xcdatamodeld;
			sourceTree = "<group>";
			versionGroupType = wrapper.xcdatamodel;
		};
/* End XCVersionGroup section */
	};
	rootObject = C11EA9E11CB1EC6F00E12EB9 /* Project object */;
}
